
Microsoft Visual Studio Solution File, Format Version 12.00
# Visual Studio Version 16
VisualStudioVersion = 16.0.31613.86
MinimumVisualStudioVersion = 10.0.40219.1
Project("{FAE04EC0-301F-11D3-BF4B-00C04F79EFBC}") = "TripLog.Android", "TripLog\TripLog.Android\TripLog.Android.csproj", "{0180021C-373F-4B8A-BDD0-FC1D0B020814}"
EndProject
Project("{FAE04EC0-301F-11D3-BF4B-00C04F79EFBC}") = "TripLog.iOS", "TripLog\TripLog.iOS\TripLog.iOS.csproj", "{78995467-4967-4B72-A1E0-795FBABD004C}"
EndProject
Project("{FAE04EC0-301F-11D3-BF4B-00C04F79EFBC}") = "TripLog", "TripLog\TripLog\TripLog.csproj", "{DCE95530-400F-42E6-A555-A7B3EDF82CFE}"
EndProject
Global
	GlobalSection(SolutionConfigurationPlatforms) = preSolution
		Debug|Any CPU = Debug|Any CPU
		Debug|iPhone = Debug|iPhone
		Debug|iPhoneSimulator = Debug|iPhoneSimulator
		Release|Any CPU = Release|Any CPU
		Release|iPhone = Release|iPhone
		Release|iPhoneSimulator = Release|iPhoneSimulator
	EndGlobalSection
	GlobalSection(ProjectConfigurationPlatforms) = postSolution
		{0180021C-373F-4B8A-BDD0-FC1D0B020814}.Debug|Any CPU.ActiveCfg = Debug|Any CPU
		{0180021C-373F-4B8A-BDD0-FC1D0B020814}.Debug|Any CPU.Build.0 = Debug|Any CPU
		{0180021C-373F-4B8A-BDD0-FC1D0B020814}.Debug|Any CPU.Deploy.0 = Debug|Any CPU
		{0180021C-373F-4B8A-BDD0-FC1D0B020814}.Debug|iPhone.ActiveCfg = Debug|Any CPU
		{0180021C-373F-4B8A-BDD0-FC1D0B020814}.Debug|iPhone.Build.0 = Debug|Any CPU
		{0180021C-373F-4B8A-BDD0-FC1D0B020814}.Debug|iPhone.Deploy.0 = Debug|Any CPU
		{0180021C-373F-4B8A-BDD0-FC1D0B020814}.Debug|iPhoneSimulator.ActiveCfg = Debug|Any CPU
		{0180021C-373F-4B8A-BDD0-FC1D0B020814}.Debug|iPhoneSimulator.Build.0 = Debug|Any CPU
		{0180021C-373F-4B8A-BDD0-FC1D0B020814}.Debug|iPhoneSimulator.Deploy.0 = Debug|Any CPU
		{0180021C-373F-4B8A-BDD0-FC1D0B020814}.Release|Any CPU.ActiveCfg = Release|Any CPU
		{0180021C-373F-4B8A-BDD0-FC1D0B020814}.Release|Any CPU.Build.0 = Release|Any CPU
		{0180021C-373F-4B8A-BDD0-FC1D0B020814}.Release|Any CPU.Deploy.0 = Release|Any CPU
		{0180021C-373F-4B8A-BDD0-FC1D0B020814}.Release|iPhone.ActiveCfg = Release|Any CPU
		{0180021C-373F-4B8A-BDD0-FC1D0B020814}.Release|iPhone.Build.0 = Release|Any CPU
		{0180021C-373F-4B8A-BDD0-FC1D0B020814}.Release|iPhone.Deploy.0 = Release|Any CPU
		{0180021C-373F-4B8A-BDD0-FC1D0B020814}.Release|iPhoneSimulator.ActiveCfg = Release|Any CPU
		{0180021C-373F-4B8A-BDD0-FC1D0B020814}.Release|iPhoneSimulator.Build.0 = Release|Any CPU
		{0180021C-373F-4B8A-BDD0-FC1D0B020814}.Release|iPhoneSimulator.Deploy.0 = Release|Any CPU
		{78995467-4967-4B72-A1E0-795FBABD004C}.Debug|Any CPU.ActiveCfg = Debug|iPhone
		{78995467-4967-4B72-A1E0-795FBABD004C}.Debug|Any CPU.Build.0 = Debug|iPhone
		{78995467-4967-4B72-A1E0-795FBABD004C}.Debug|Any CPU.Deploy.0 = Debug|iPhone
		{78995467-4967-4B72-A1E0-795FBABD004C}.Debug|iPhone.ActiveCfg = Debug|iPhone
		{78995467-4967-4B72-A1E0-795FBABD004C}.Debug|iPhone.Build.0 = Debug|iPhone
		{78995467-4967-4B72-A1E0-795FBABD004C}.Debug|iPhone.Deploy.0 = Debug|iPhone
		{78995467-4967-4B72-A1E0-795FBABD004C}.Debug|iPhoneSimulator.ActiveCfg = Debug|iPhoneSimulator
		{78995467-4967-4B72-A1E0-795FBABD004C}.Debug|iPhoneSimulator.Build.0 = Debug|iPhoneSimulator
		{78995467-4967-4B72-A1E0-795FBABD004C}.Debug|iPhoneSimulator.Deploy.0 = Debug|iPhoneSimulator
		{78995467-4967-4B72-A1E0-795FBABD004C}.Release|Any CPU.ActiveCfg = Release|iPhoneSimulator
		{78995467-4967-4B72-A1E0-795FBABD004C}.Release|Any CPU.Build.0 = Release|iPhoneSimulator
		{78995467-4967-4B72-A1E0-795FBABD004C}.Release|Any CPU.Deploy.0 = Release|iPhoneSimulator
		{78995467-4967-4B72-A1E0-795FBABD004C}.Release|iPhone.ActiveCfg = Release|iPhone
		{78995467-4967-4B72-A1E0-795FBABD004C}.Release|iPhone.Build.0 = Release|iPhone
		{78995467-4967-4B72-A1E0-795FBABD004C}.Release|iPhone.Deploy.0 = Release|iPhone
		{78995467-4967-4B72-A1E0-795FBABD004C}.Release|iPhoneSimulator.ActiveCfg = Release|iPhoneSimulator
		{78995467-4967-4B72-A1E0-795FBABD004C}.Release|iPhoneSimulator.Build.0 = Release|iPhoneSimulator
		{78995467-4967-4B72-A1E0-795FBABD004C}.Release|iPhoneSimulator.Deploy.0 = Release|iPhoneSimulator
		{DCE95530-400F-42E6-A555-A7B3EDF82CFE}.Debug|Any CPU.ActiveCfg = Debug|Any CPU
		{DCE95530-400F-42E6-A555-A7B3EDF82CFE}.Debug|Any CPU.Build.0 = Debug|Any CPU
		{DCE95530-400F-42E6-A555-A7B3EDF82CFE}.Debug|Any CPU.Deploy.0 = Debug|Any CPU
		{DCE95530-400F-42E6-A555-A7B3EDF82CFE}.Debug|iPhone.ActiveCfg = Debug|Any CPU
		{DCE95530-400F-42E6-A555-A7B3EDF82CFE}.Debug|iPhone.Build.0 = Debug|Any CPU
		{DCE95530-400F-42E6-A555-A7B3EDF82CFE}.Debug|iPhone.Deploy.0 = Debug|Any CPU
		{DCE95530-400F-42E6-A555-A7B3EDF82CFE}.Debug|iPhoneSimulator.ActiveCfg = Debug|Any CPU
		{DCE95530-400F-42E6-A555-A7B3EDF82CFE}.Debug|iPhoneSimulator.Build.0 = Debug|Any CPU
		{DCE95530-400F-42E6-A555-A7B3EDF82CFE}.Debug|iPhoneSimulator.Deploy.0 = Debug|Any CPU
		{DCE95530-400F-42E6-A555-A7B3EDF82CFE}.Release|Any CPU.ActiveCfg = Release|Any CPU
		{DCE95530-400F-42E6-A555-A7B3EDF82CFE}.Release|Any CPU.Build.0 = Release|Any CPU
		{DCE95530-400F-42E6-A555-A7B3EDF82CFE}.Release|Any CPU.Deploy.0 = Release|Any CPU
		{DCE95530-400F-42E6-A555-A7B3EDF82CFE}.Release|iPhone.ActiveCfg = Release|Any CPU
		{DCE95530-400F-42E6-A555-A7B3EDF82CFE}.Release|iPhone.Build.0 = Release|Any CPU
		{DCE95530-400F-42E6-A555-A7B3EDF82CFE}.Release|iPhone.Deploy.0 = Release|Any CPU
		{DCE95530-400F-42E6-A555-A7B3EDF82CFE}.Release|iPhoneSimulator.ActiveCfg = Release|Any CPU
		{DCE95530-400F-42E6-A555-A7B3EDF82CFE}.Release|iPhoneSimulator.Build.0 = Release|Any CPU
		{DCE95530-400F-42E6-A555-A7B3EDF82CFE}.Release|iPhoneSimulator.Deploy.0 = Release|Any CPU
	EndGlobalSection
	GlobalSection(SolutionProperties) = preSolution
		HideSolutionNode = FALSE
	EndGlobalSection
	GlobalSection(ExtensibilityGlobals) = postSolution
		SolutionGuid = {50A42F3B-491A-4F4B-B141-FA136CDCBD35}
	EndGlobalSection
EndGlobal
